[[package]]
name = "appdirs"
version = "1.4.4"
summary = "A small Python module for determining appropriate platform-specific dirs, e.g. a \"user data dir\"."

[[package]]
name = "appnope"
version = "0.1.2"
summary = "Disable App Nap on macOS >= 10.9"

[[package]]
name = "argcomplete"
version = "1.12.3"
summary = "Bash tab completion for argparse"

[[package]]
name = "backcall"
version = "0.2.0"
summary = "Specifications for callback functions passed in to an API"

[[package]]
name = "better-exceptions"
version = "0.3.3"
summary = "Pretty and helpful exceptions, automatically"
dependencies = [
    "colorama; sys_platform == \"win32\"",
]

[[package]]
name = "click"
version = "8.0.1"
requires_python = ">=3.6"
summary = "Composable command line interface toolkit"
dependencies = [
    "colorama; platform_system == \"Windows\"",
]

[[package]]
name = "colorama"
version = "0.4.4"
requires_python = ">=2.7,!=3.0.*,!=3.1.*,!=3.2.*,!=3.3.*,!=3.4.*"
summary = "Cross-platform colored terminal text."

[[package]]
name = "decorator"
version = "5.0.9"
requires_python = ">=3.5"
summary = "Decorators for Humans"

[[package]]
name = "distlib"
version = "0.3.2"
summary = "Distribution utilities"

[[package]]
name = "filelock"
version = "3.0.12"
summary = "A platform independent file lock."

[[package]]
name = "ipython"
version = "7.24.0"
requires_python = ">=3.7"
summary = "IPython: Productive Interactive Computing"
dependencies = [
    "appnope; sys_platform == \"darwin\"",
    "backcall",
    "colorama; sys_platform == \"win32\"",
    "decorator",
    "jedi>=0.16",
    "matplotlib-inline",
    "pexpect>4.3; sys_platform != \"win32\"",
    "pickleshare",
    "prompt-toolkit!=3.0.0,!=3.0.1,<3.1.0,>=2.0.0",
    "pygments",
    "setuptools>=18.5",
    "traitlets>=4.2",
]

[[package]]
name = "ipython-genutils"
version = "0.2.0"
summary = "Vestigial utilities from IPython"

[[package]]
name = "jedi"
version = "0.18.0"
requires_python = ">=3.6"
summary = "An autocompletion tool for Python that can be used for text editors."
dependencies = [
    "parso<0.9.0,>=0.8.0",
]

[[package]]
name = "matplotlib-inline"
version = "0.1.2"
requires_python = ">=3.5"
summary = "Inline Matplotlib backend for Jupyter"
dependencies = [
    "traitlets",
]

[[package]]
name = "naipyext"
version = "0.7.0"
requires_python = ">=3.7"
summary = "Nasy IPython Extensions."
dependencies = [
    "ipython",
]

[[package]]
name = "naipyext"
version = "0.7.0"
extras = ["be"]
requires_python = ">=3.7"
summary = "Nasy IPython Extensions."
dependencies = [
    "better-exceptions",
    "ipython",
    "naipyext~=0.7",
]

[[package]]
name = "packaging"
version = "20.9"
requires_python = ">=2.7,!=3.0.*,!=3.1.*,!=3.2.*,!=3.3.*"
summary = "Core utilities for Python packages"
dependencies = [
    "pyparsing>=2.0.2",
]

[[package]]
name = "parso"
version = "0.8.2"
requires_python = ">=3.6"
summary = "A Python Parser"

[[package]]
name = "pexpect"
version = "4.8.0"
summary = "Pexpect allows easy control of interactive console applications."
dependencies = [
    "ptyprocess>=0.5",
]

[[package]]
name = "pickleshare"
version = "0.7.5"
summary = "Tiny 'shelve'-like database with concurrency support"

[[package]]
name = "pip"
version = "21.1.2"
requires_python = ">=3.6"
summary = "The PyPA recommended tool for installing Python packages."

[[package]]
name = "pipx"
version = "0.16.3"
requires_python = ">=3.6"
summary = "Install and Run Python Applications in Isolated Environments"
dependencies = [
    "argcomplete<2.0,>=1.9.4",
    "colorama>=0.4.4; sys_platform == \"win32\"",
    "packaging>=20.0",
    "userpath>=1.5.0",
]

[[package]]
name = "prompt-toolkit"
version = "3.0.18"
requires_python = ">=3.6.1"
summary = "Library for building powerful interactive command lines in Python"
dependencies = [
    "wcwidth",
]

[[package]]
name = "ptyprocess"
version = "0.7.0"
summary = "Run a subprocess in a pseudo terminal"

[[package]]
name = "pygments"
version = "2.9.0"
requires_python = ">=3.5"
summary = "Pygments is a syntax highlighting package written in Python."

[[package]]
name = "pyparsing"
version = "2.4.7"
requires_python = ">=2.6,!=3.0.*,!=3.1.*,!=3.2.*"
summary = "Python parsing module"

[[package]]
name = "setuptools"
version = "57.0.0"
requires_python = ">=3.6"
summary = "Easily download, build, install, upgrade, and uninstall Python packages"

[[package]]
name = "six"
version = "1.16.0"
requires_python = ">=2.7,!=3.0.*,!=3.1.*,!=3.2.*"
summary = "Python 2 and 3 compatibility utilities"

[[package]]
name = "traitlets"
version = "5.0.5"
requires_python = ">=3.7"
summary = "Traitlets Python configuration system"
dependencies = [
    "ipython-genutils",
]

[[package]]
name = "userpath"
version = "1.6.0"
summary = "Cross-platform tool for adding locations to the user PATH, no elevated privileges required!"
dependencies = [
    "click",
]

[[package]]
name = "virtualenv"
version = "20.4.7"
requires_python = ">=2.7,!=3.0.*,!=3.1.*,!=3.2.*,!=3.3.*"
summary = "Virtual Python Environment builder"
dependencies = [
    "appdirs<2,>=1.4.3",
    "distlib<1,>=0.3.1",
    "filelock<4,>=3.0.0",
    "six<2,>=1.9.0",
]

[[package]]
name = "wcwidth"
version = "0.2.5"
summary = "Measures the displayed width of unicode strings in a terminal"

[metadata]
lock_version = "3"
content_hash = "sha256:4e43debe8806f771573b92e2da6b85b734553f4e96dc258b298efd21a206b240"

[metadata.files]
"appdirs 1.4.4" = [
    {file = "appdirs-1.4.4-py2.py3-none-any.whl", hash = "sha256:a841dacd6b99318a741b166adb07e19ee71a274450e68237b4650ca1055ab128"},
    {file = "appdirs-1.4.4.tar.gz", hash = "sha256:7d5d0167b2b1ba821647616af46a749d1c653740dd0d2415100fe26e27afdf41"},
]
"appnope 0.1.2" = [
    {file = "appnope-0.1.2-py2.py3-none-any.whl", hash = "sha256:93aa393e9d6c54c5cd570ccadd8edad61ea0c4b9ea7a01409020c9aa019eb442"},
    {file = "appnope-0.1.2.tar.gz", hash = "sha256:dd83cd4b5b460958838f6eb3000c660b1f9caf2a5b1de4264e941512f603258a"},
]
"argcomplete 1.12.3" = [
    {file = "argcomplete-1.12.3-py2.py3-none-any.whl", hash = "sha256:291f0beca7fd49ce285d2f10e4c1c77e9460cf823eef2de54df0c0fec88b0d81"},
    {file = "argcomplete-1.12.3.tar.gz", hash = "sha256:2c7dbffd8c045ea534921e63b0be6fe65e88599990d8dc408ac8c542b72a5445"},
]
"backcall 0.2.0" = [
    {file = "backcall-0.2.0-py2.py3-none-any.whl", hash = "sha256:fbbce6a29f263178a1f7915c1940bde0ec2b2a967566fe1c65c1dfb7422bd255"},
    {file = "backcall-0.2.0.tar.gz", hash = "sha256:5cbdbf27be5e7cfadb448baf0aa95508f91f2bbc6c6437cd9cd06e2a4c215e1e"},
]
"better-exceptions 0.3.3" = [
    {file = "better_exceptions-0.3.3-py3-none-any.whl", hash = "sha256:9c70b1c61d5a179b84cd2c9d62c3324b667d74286207343645ed4306fdaad976"},
    {file = "better_exceptions-0.3.3.tar.gz", hash = "sha256:e4e6bc18444d5f04e6e894b10381e5e921d3d544240418162c7db57e9eb3453b"},
]
"click 8.0.1" = [
    {file = "click-8.0.1-py3-none-any.whl", hash = "sha256:fba402a4a47334742d782209a7c79bc448911afe1149d07bdabdf480b3e2f4b6"},
    {file = "click-8.0.1.tar.gz", hash = "sha256:8c04c11192119b1ef78ea049e0a6f0463e4c48ef00a30160c704337586f3ad7a"},
]
"colorama 0.4.4" = [
    {file = "colorama-0.4.4-py2.py3-none-any.whl", hash = "sha256:9f47eda37229f68eee03b24b9748937c7dc3868f906e8ba69fbcbdd3bc5dc3e2"},
    {file = "colorama-0.4.4.tar.gz", hash = "sha256:5941b2b48a20143d2267e95b1c2a7603ce057ee39fd88e7329b0c292aa16869b"},
]
"decorator 5.0.9" = [
    {file = "decorator-5.0.9-py3-none-any.whl", hash = "sha256:6e5c199c16f7a9f0e3a61a4a54b3d27e7dad0dbdde92b944426cb20914376323"},
    {file = "decorator-5.0.9.tar.gz", hash = "sha256:72ecfba4320a893c53f9706bebb2d55c270c1e51a28789361aa93e4a21319ed5"},
]
"distlib 0.3.2" = [
    {file = "distlib-0.3.2-py2.py3-none-any.whl", hash = "sha256:23e223426b28491b1ced97dc3bbe183027419dfc7982b4fa2f05d5f3ff10711c"},
    {file = "distlib-0.3.2.zip", hash = "sha256:106fef6dc37dd8c0e2c0a60d3fca3e77460a48907f335fa28420463a6f799736"},
]
"filelock 3.0.12" = [
    {file = "filelock-3.0.12-py3-none-any.whl", hash = "sha256:929b7d63ec5b7d6b71b0fa5ac14e030b3f70b75747cef1b10da9b879fef15836"},
    {file = "filelock-3.0.12.tar.gz", hash = "sha256:18d82244ee114f543149c66a6e0c14e9c4f8a1044b5cdaadd0f82159d6a6ff59"},
]
"ipython 7.24.0" = [
    {file = "ipython-7.24.0-py3-none-any.whl", hash = "sha256:f86788eef439891438af3498525094cc2acbdbea4f2aa2f8895782d4ff471341"},
    {file = "ipython-7.24.0.tar.gz", hash = "sha256:a171caa3d3d4c819a1c0742e3abecfd5a2b8ab525ca1c9f114b40b76b0679ab1"},
]
"ipython-genutils 0.2.0" = [
    {file = "ipython_genutils-0.2.0-py2.py3-none-any.whl", hash = "sha256:72dd37233799e619666c9f639a9da83c34013a73e8bbc79a7a6348d93c61fab8"},
    {file = "ipython_genutils-0.2.0.tar.gz", hash = "sha256:eb2e116e75ecef9d4d228fdc66af54269afa26ab4463042e33785b887c628ba8"},
]
"jedi 0.18.0" = [
    {file = "jedi-0.18.0-py2.py3-none-any.whl", hash = "sha256:18456d83f65f400ab0c2d3319e48520420ef43b23a086fdc05dff34132f0fb93"},
    {file = "jedi-0.18.0.tar.gz", hash = "sha256:92550a404bad8afed881a137ec9a461fed49eca661414be45059329614ed0707"},
]
"matplotlib-inline 0.1.2" = [
    {file = "matplotlib_inline-0.1.2-py3-none-any.whl", hash = "sha256:5cf1176f554abb4fa98cb362aa2b55c500147e4bdbb07e3fda359143e1da0811"},
    {file = "matplotlib-inline-0.1.2.tar.gz", hash = "sha256:f41d5ff73c9f5385775d5c0bc13b424535c8402fe70ea8210f93e11f3683993e"},
]
"naipyext 0.7.0" = [
    {file = "naipyext-0.7.0-py3-none-any.whl", hash = "sha256:584b18ac1ab00a85672864be83b815280340d8f9ee247dd5f4be0845952ca304"},
    {file = "naipyext-0.7.0.tar.gz", hash = "sha256:c408766d3dc7e814bdb3cc11258c43c1eaf36579acd7d1c17af36c286d365742"},
]
"packaging 20.9" = [
    {file = "packaging-20.9-py2.py3-none-any.whl", hash = "sha256:67714da7f7bc052e064859c05c595155bd1ee9f69f76557e21f051443c20947a"},
    {file = "packaging-20.9.tar.gz", hash = "sha256:5b327ac1320dc863dca72f4514ecc086f31186744b84a230374cc1fd776feae5"},
]
"parso 0.8.2" = [
    {file = "parso-0.8.2-py2.py3-none-any.whl", hash = "sha256:a8c4922db71e4fdb90e0d0bc6e50f9b273d3397925e5e60a717e719201778d22"},
    {file = "parso-0.8.2.tar.gz", hash = "sha256:12b83492c6239ce32ff5eed6d3639d6a536170723c6f3f1506869f1ace413398"},
]
"pexpect 4.8.0" = [
    {file = "pexpect-4.8.0-py2.py3-none-any.whl", hash = "sha256:0b48a55dcb3c05f3329815901ea4fc1537514d6ba867a152b581d69ae3710937"},
    {file = "pexpect-4.8.0.tar.gz", hash = "sha256:fc65a43959d153d0114afe13997d439c22823a27cefceb5ff35c2178c6784c0c"},
]
"pickleshare 0.7.5" = [
    {file = "pickleshare-0.7.5-py2.py3-none-any.whl", hash = "sha256:9649af414d74d4df115d5d718f82acb59c9d418196b7b4290ed47a12ce62df56"},
    {file = "pickleshare-0.7.5.tar.gz", hash = "sha256:87683d47965c1da65cdacaf31c8441d12b8044cdec9aca500cd78fc2c683afca"},
]
"pip 21.1.2" = [
    {file = "pip-21.1.2-py3-none-any.whl", hash = "sha256:f8ea1baa693b61c8ad1c1d8715e59ab2b93cd3c4769bacab84afcc4279e7a70e"},
    {file = "pip-21.1.2.tar.gz", hash = "sha256:eb5df6b9ab0af50fe1098a52fd439b04730b6e066887ff7497357b9ebd19f79b"},
]
"pipx 0.16.3" = [
    {file = "pipx-0.16.3-py3-none-any.whl", hash = "sha256:f8af81adaf55716a44f62197528ed3468e33ce53afa21f3b9fe812319bef851c"},
    {file = "pipx-0.16.3.tar.gz", hash = "sha256:51fa41281383212db3b2a6906713871edc1a7d597ae387873026402e281a0b25"},
]
"prompt-toolkit 3.0.18" = [
    {file = "prompt_toolkit-3.0.18-py3-none-any.whl", hash = "sha256:bf00f22079f5fadc949f42ae8ff7f05702826a97059ffcc6281036ad40ac6f04"},
    {file = "prompt_toolkit-3.0.18.tar.gz", hash = "sha256:e1b4f11b9336a28fa11810bc623c357420f69dfdb6d2dac41ca2c21a55c033bc"},
]
"ptyprocess 0.7.0" = [
    {file = "ptyprocess-0.7.0-py2.py3-none-any.whl", hash = "sha256:4b41f3967fce3af57cc7e94b888626c18bf37a083e3651ca8feeb66d492fef35"},
    {file = "ptyprocess-0.7.0.tar.gz", hash = "sha256:5c5d0a3b48ceee0b48485e0c26037c0acd7d29765ca3fbb5cb3831d347423220"},
]
"pygments 2.9.0" = [
    {file = "Pygments-2.9.0-py3-none-any.whl", hash = "sha256:d66e804411278594d764fc69ec36ec13d9ae9147193a1740cd34d272ca383b8e"},
    {file = "Pygments-2.9.0.tar.gz", hash = "sha256:a18f47b506a429f6f4b9df81bb02beab9ca21d0a5fee38ed15aef65f0545519f"},
]
"pyparsing 2.4.7" = [
    {file = "pyparsing-2.4.7-py2.py3-none-any.whl", hash = "sha256:ef9d7589ef3c200abe66653d3f1ab1033c3c419ae9b9bdb1240a85b024efc88b"},
    {file = "pyparsing-2.4.7.tar.gz", hash = "sha256:c203ec8783bf771a155b207279b9bccb8dea02d8f0c9e5f8ead507bc3246ecc1"},
]
"setuptools 57.0.0" = [
    {file = "setuptools-57.0.0-py3-none-any.whl", hash = "sha256:c8b9f1a457949002e358fea7d3f2a1e1b94ddc0354b2e40afc066bf95d21bf7b"},
    {file = "setuptools-57.0.0.tar.gz", hash = "sha256:401cbf33a7bf817d08014d51560fc003b895c4cdc1a5b521ad2969e928a07535"},
]
"six 1.16.0" = [
    {file = "six-1.16.0-py2.py3-none-any.whl", hash = "sha256:8abb2f1d86890a2dfb989f9a77cfcfd3e47c2a354b01111771326f8aa26e0254"},
    {file = "six-1.16.0.tar.gz", hash = "sha256:1e61c37477a1626458e36f7b1d82aa5c9b094fa4802892072e49de9c60c4c926"},
]
"traitlets 5.0.5" = [
    {file = "traitlets-5.0.5-py3-none-any.whl", hash = "sha256:69ff3f9d5351f31a7ad80443c2674b7099df13cc41fc5fa6e2f6d3b0330b0426"},
    {file = "traitlets-5.0.5.tar.gz", hash = "sha256:178f4ce988f69189f7e523337a3e11d91c786ded9360174a3d9ca83e79bc5396"},
]
"userpath 1.6.0" = [
    {file = "userpath-1.6.0-py2.py3-none-any.whl", hash = "sha256:43569129eeecec6c567bcbd47120c161a43344712417de013b754191961426db"},
    {file = "userpath-1.6.0.tar.gz", hash = "sha256:b2b9a5ca1478ecfa63514b48709d650f48bf7be89f62bd236db556b85b6deff6"},
]
"virtualenv 20.4.7" = [
    {file = "virtualenv-20.4.7-py2.py3-none-any.whl", hash = "sha256:2b0126166ea7c9c3661f5b8e06773d28f83322de7a3ff7d06f0aed18c9de6a76"},
    {file = "virtualenv-20.4.7.tar.gz", hash = "sha256:14fdf849f80dbb29a4eb6caa9875d476ee2a5cf76a5f5415fa2f1606010ab467"},
]
"wcwidth 0.2.5" = [
    {file = "wcwidth-0.2.5-py2.py3-none-any.whl", hash = "sha256:beb4802a9cebb9144e99086eff703a642a13d6a0052920003a230f3294bbe784"},
    {file = "wcwidth-0.2.5.tar.gz", hash = "sha256:c4d647b99872929fdb7bdcaa4fbe7f01413ed3d98077df798530e5b04f116c83"},
]
